
Microsoft Visual Studio Solution File, Format Version 12.00
# Visual Studio Version 17
VisualStudioVersion = 17.3.32825.248
MinimumVisualStudioVersion = 10.0.40219.1
Project("{9A19103F-16F7-4668-BE54-9A1E7A4F7556}") = "Mellody.WebApplication", "Mellody.WebApplication.csproj", "{1C73B815-E9A7-4A78-876C-C9334513A4E7}"
EndProject
Global
	GlobalSection(SolutionConfigurationPlatforms) = preSolution
		Debug|Any CPU = Debug|Any CPU
		Release|Any CPU = Release|Any CPU
	EndGlobalSection
	GlobalSection(ProjectConfigurationPlatforms) = postSolution
		{1C73B815-E9A7-4A78-876C-C9334513A4E7}.Debug|Any CPU.ActiveCfg = Debug|Any CPU
		{1C73B815-E9A7-4A78-876C-C9334513A4E7}.Debug|Any CPU.Build.0 = Debug|Any CPU
		{1C73B815-E9A7-4A78-876C-C9334513A4E7}.Release|Any CPU.ActiveCfg = Release|Any CPU
		{1C73B815-E9A7-4A78-876C-C9334513A4E7}.Release|Any CPU.Build.0 = Release|Any CPU
	EndGlobalSection
	GlobalSection(SolutionProperties) = preSolution
		HideSolutionNode = FALSE
	EndGlobalSection
	GlobalSection(ExtensibilityGlobals) = postSolution
		SolutionGuid = {4E0E63B7-F552-4A29-9392-D59C384F6F6E}
	EndGlobalSection
EndGlobal
